
Microsoft Visual Studio Solution File, Format Version 12.00
# Visual Studio 15
VisualStudioVersion = 15.0.28307.779
MinimumVisualStudioVersion = 10.0.40219.1
Project("{2150E333-8FDC-42A3-9474-1A3956D46DE8}") = "1 - Presentacion", "1 - Presentacion", "{45969524-33D2-4CCD-9782-492F53E9C956}"
EndProject
Project("{2150E333-8FDC-42A3-9474-1A3956D46DE8}") = "2 - Aplicacion", "2 - Aplicacion", "{D82BFCBB-4737-4A24-8C48-295C1C12A704}"
EndProject
Project("{2150E333-8FDC-42A3-9474-1A3956D46DE8}") = "3 - Servicio", "3 - Servicio", "{7BC2EFEC-5CC2-4378-AD86-3A69B313C4D1}"
EndProject
Project("{2150E333-8FDC-42A3-9474-1A3956D46DE8}") = "4 - Dominio", "4 - Dominio", "{0E86C284-E7CC-4D0D-A8BA-80E91B123BA3}"
EndProject
Project("{2150E333-8FDC-42A3-9474-1A3956D46DE8}") = "5 - Infraestructura", "5 - Infraestructura", "{8E23D665-768E-48D9-861E-290CA035B328}"
EndProject
Project("{2150E333-8FDC-42A3-9474-1A3956D46DE8}") = "3.1 - Servicio.Interfaces", "3.1 - Servicio.Interfaces", "{AD9B56ED-08AC-4982-BA5B-67301B9857C4}"
EndProject
Project("{2150E333-8FDC-42A3-9474-1A3956D46DE8}") = "3.2 - Servicio.Implementaciones", "3.2 - Servicio.Implementaciones", "{B13C7F4F-59E6-48BD-B59E-A0E7ED11C405}"
EndProject
Project("{FAE04EC0-301F-11D3-BF4B-00C04F79EFBC}") = "X-Commerce", "X-Commerce\X-Commerce.csproj", "{ECACB91D-6C46-45D3-A8CF-6AE03460A860}"
EndProject
Project("{FAE04EC0-301F-11D3-BF4B-00C04F79EFBC}") = "Presentacion.FormularioBase", "Presentacion.FormularioBase\Presentacion.FormularioBase.csproj", "{08C124ED-16DB-42E0-B027-5C7602139AD7}"
EndProject
Project("{FAE04EC0-301F-11D3-BF4B-00C04F79EFBC}") = "Aplicacion.Conexion", "Aplicacion.Conexion\Aplicacion.Conexion.csproj", "{72D7ED7B-AE80-4ECB-A5D0-A9EAC4799517}"
EndProject
Project("{FAE04EC0-301F-11D3-BF4B-00C04F79EFBC}") = "Aplicacion.Constantes", "Aplicacion.Constantes\Aplicacion.Constantes.csproj", "{96AE26F8-7580-4EB3-B828-1AA70137EFE9}"
EndProject
Project("{FAE04EC0-301F-11D3-BF4B-00C04F79EFBC}") = "Servicio.Interfaces", "Servicio.Interfaces\Servicio.Interfaces.csproj", "{26E35BDE-E2EA-4B6F-A621-8BB906D5F246}"
EndProject
Project("{FAE04EC0-301F-11D3-BF4B-00C04F79EFBC}") = "Servicio.Implementacion", "Servicio.Implementacion\Servicio.Implementacion.csproj", "{4B5DA143-CA0C-47C2-A66C-70D03187A4BD}"
EndProject
Project("{FAE04EC0-301F-11D3-BF4B-00C04F79EFBC}") = "Dominio.Base", "Dominio.Base\Dominio.Base.csproj", "{74359BBD-5737-45C8-AB61-D30AA4218945}"
EndProject
Project("{FAE04EC0-301F-11D3-BF4B-00C04F79EFBC}") = "Dominio.Entidades", "Dominio.Entidades\Dominio.Entidades.csproj", "{2733D1E4-62BD-4482-9BBC-891E26AFCF53}"
EndProject
Project("{FAE04EC0-301F-11D3-BF4B-00C04F79EFBC}") = "Infraestructura", "Infraestructura\Infraestructura.csproj", "{09C1B575-979C-4808-AE4F-8C26D5CCE0D4}"
EndProject
Project("{FAE04EC0-301F-11D3-BF4B-00C04F79EFBC}") = "Presentacion.Seguridad", "Presentacion.Seguridad\Presentacion.Seguridad.csproj", "{9E875437-76DB-4D27-91CA-5E7922DC271E}"
EndProject
Project("{FAE04EC0-301F-11D3-BF4B-00C04F79EFBC}") = "Presentacion.Core", "Presentacion.Core\Presentacion.Core.csproj", "{1CF7AF62-D65B-476C-B414-C551A7C3A7A7}"
EndProject
Project("{FAE04EC0-301F-11D3-BF4B-00C04F79EFBC}") = "Aplicacion.Librerias", "Aplicacion.Librerias\Aplicacion.Librerias.csproj", "{64456CB5-A267-458A-9C7A-820B819329FD}"
EndProject
Project("{FAE04EC0-301F-11D3-BF4B-00C04F79EFBC}") = "Aplicacion.IoC", "Aplicacion.IoC\Aplicacion.IoC.csproj", "{6298B2A0-8882-4150-A534-A34A23F93E12}"
EndProject
Global
	GlobalSection(SolutionConfigurationPlatforms) = preSolution
		Debug|Any CPU = Debug|Any CPU
		Release|Any CPU = Release|Any CPU
	EndGlobalSection
	GlobalSection(ProjectConfigurationPlatforms) = postSolution
		{ECACB91D-6C46-45D3-A8CF-6AE03460A860}.Debug|Any CPU.ActiveCfg = Debug|Any CPU
		{ECACB91D-6C46-45D3-A8CF-6AE03460A860}.Debug|Any CPU.Build.0 = Debug|Any CPU
		{ECACB91D-6C46-45D3-A8CF-6AE03460A860}.Release|Any CPU.ActiveCfg = Release|Any CPU
		{ECACB91D-6C46-45D3-A8CF-6AE03460A860}.Release|Any CPU.Build.0 = Release|Any CPU
		{08C124ED-16DB-42E0-B027-5C7602139AD7}.Debug|Any CPU.ActiveCfg = Debug|Any CPU
		{08C124ED-16DB-42E0-B027-5C7602139AD7}.Debug|Any CPU.Build.0 = Debug|Any CPU
		{08C124ED-16DB-42E0-B027-5C7602139AD7}.Release|Any CPU.ActiveCfg = Release|Any CPU
		{08C124ED-16DB-42E0-B027-5C7602139AD7}.Release|Any CPU.Build.0 = Release|Any CPU
		{72D7ED7B-AE80-4ECB-A5D0-A9EAC4799517}.Debug|Any CPU.ActiveCfg = Debug|Any CPU
		{72D7ED7B-AE80-4ECB-A5D0-A9EAC4799517}.Debug|Any CPU.Build.0 = Debug|Any CPU
		{72D7ED7B-AE80-4ECB-A5D0-A9EAC4799517}.Release|Any CPU.ActiveCfg = Release|Any CPU
		{72D7ED7B-AE80-4ECB-A5D0-A9EAC4799517}.Release|Any CPU.Build.0 = Release|Any CPU
		{96AE26F8-7580-4EB3-B828-1AA70137EFE9}.Debug|Any CPU.ActiveCfg = Debug|Any CPU
		{96AE26F8-7580-4EB3-B828-1AA70137EFE9}.Debug|Any CPU.Build.0 = Debug|Any CPU
		{96AE26F8-7580-4EB3-B828-1AA70137EFE9}.Release|Any CPU.ActiveCfg = Release|Any CPU
		{96AE26F8-7580-4EB3-B828-1AA70137EFE9}.Release|Any CPU.Build.0 = Release|Any CPU
		{26E35BDE-E2EA-4B6F-A621-8BB906D5F246}.Debug|Any CPU.ActiveCfg = Debug|Any CPU
		{26E35BDE-E2EA-4B6F-A621-8BB906D5F246}.Debug|Any CPU.Build.0 = Debug|Any CPU
		{26E35BDE-E2EA-4B6F-A621-8BB906D5F246}.Release|Any CPU.ActiveCfg = Release|Any CPU
		{26E35BDE-E2EA-4B6F-A621-8BB906D5F246}.Release|Any CPU.Build.0 = Release|Any CPU
		{4B5DA143-CA0C-47C2-A66C-70D03187A4BD}.Debug|Any CPU.ActiveCfg = Debug|Any CPU
		{4B5DA143-CA0C-47C2-A66C-70D03187A4BD}.Debug|Any CPU.Build.0 = Debug|Any CPU
		{4B5DA143-CA0C-47C2-A66C-70D03187A4BD}.Release|Any CPU.ActiveCfg = Release|Any CPU
		{4B5DA143-CA0C-47C2-A66C-70D03187A4BD}.Release|Any CPU.Build.0 = Release|Any CPU
		{74359BBD-5737-45C8-AB61-D30AA4218945}.Debug|Any CPU.ActiveCfg = Debug|Any CPU
		{74359BBD-5737-45C8-AB61-D30AA4218945}.Debug|Any CPU.Build.0 = Debug|Any CPU
		{74359BBD-5737-45C8-AB61-D30AA4218945}.Release|Any CPU.ActiveCfg = Release|Any CPU
		{74359BBD-5737-45C8-AB61-D30AA4218945}.Release|Any CPU.Build.0 = Release|Any CPU
		{2733D1E4-62BD-4482-9BBC-891E26AFCF53}.Debug|Any CPU.ActiveCfg = Debug|Any CPU
		{2733D1E4-62BD-4482-9BBC-891E26AFCF53}.Debug|Any CPU.Build.0 = Debug|Any CPU
		{2733D1E4-62BD-4482-9BBC-891E26AFCF53}.Release|Any CPU.ActiveCfg = Release|Any CPU
		{2733D1E4-62BD-4482-9BBC-891E26AFCF53}.Release|Any CPU.Build.0 = Release|Any CPU
		{09C1B575-979C-4808-AE4F-8C26D5CCE0D4}.Debug|Any CPU.ActiveCfg = Debug|Any CPU
		{09C1B575-979C-4808-AE4F-8C26D5CCE0D4}.Debug|Any CPU.Build.0 = Debug|Any CPU
		{09C1B575-979C-4808-AE4F-8C26D5CCE0D4}.Release|Any CPU.ActiveCfg = Release|Any CPU
		{09C1B575-979C-4808-AE4F-8C26D5CCE0D4}.Release|Any CPU.Build.0 = Release|Any CPU
		{9E875437-76DB-4D27-91CA-5E7922DC271E}.Debug|Any CPU.ActiveCfg = Debug|Any CPU
		{9E875437-76DB-4D27-91CA-5E7922DC271E}.Debug|Any CPU.Build.0 = Debug|Any CPU
		{9E875437-76DB-4D27-91CA-5E7922DC271E}.Release|Any CPU.ActiveCfg = Release|Any CPU
		{9E875437-76DB-4D27-91CA-5E7922DC271E}.Release|Any CPU.Build.0 = Release|Any CPU
		{1CF7AF62-D65B-476C-B414-C551A7C3A7A7}.Debug|Any CPU.ActiveCfg = Debug|Any CPU
		{1CF7AF62-D65B-476C-B414-C551A7C3A7A7}.Debug|Any CPU.Build.0 = Debug|Any CPU
		{1CF7AF62-D65B-476C-B414-C551A7C3A7A7}.Release|Any CPU.ActiveCfg = Release|Any CPU
		{1CF7AF62-D65B-476C-B414-C551A7C3A7A7}.Release|Any CPU.Build.0 = Release|Any CPU
		{64456CB5-A267-458A-9C7A-820B819329FD}.Debug|Any CPU.ActiveCfg = Debug|Any CPU
		{64456CB5-A267-458A-9C7A-820B819329FD}.Debug|Any CPU.Build.0 = Debug|Any CPU
		{64456CB5-A267-458A-9C7A-820B819329FD}.Release|Any CPU.ActiveCfg = Release|Any CPU
		{64456CB5-A267-458A-9C7A-820B819329FD}.Release|Any CPU.Build.0 = Release|Any CPU
		{6298B2A0-8882-4150-A534-A34A23F93E12}.Debug|Any CPU.ActiveCfg = Debug|Any CPU
		{6298B2A0-8882-4150-A534-A34A23F93E12}.Debug|Any CPU.Build.0 = Debug|Any CPU
		{6298B2A0-8882-4150-A534-A34A23F93E12}.Release|Any CPU.ActiveCfg = Release|Any CPU
		{6298B2A0-8882-4150-A534-A34A23F93E12}.Release|Any CPU.Build.0 = Release|Any CPU
	EndGlobalSection
	GlobalSection(SolutionProperties) = preSolution
		HideSolutionNode = FALSE
	EndGlobalSection
	GlobalSection(NestedProjects) = preSolution
		{AD9B56ED-08AC-4982-BA5B-67301B9857C4} = {7BC2EFEC-5CC2-4378-AD86-3A69B313C4D1}
		{B13C7F4F-59E6-48BD-B59E-A0E7ED11C405} = {7BC2EFEC-5CC2-4378-AD86-3A69B313C4D1}
		{ECACB91D-6C46-45D3-A8CF-6AE03460A860} = {45969524-33D2-4CCD-9782-492F53E9C956}
		{08C124ED-16DB-42E0-B027-5C7602139AD7} = {45969524-33D2-4CCD-9782-492F53E9C956}
		{72D7ED7B-AE80-4ECB-A5D0-A9EAC4799517} = {D82BFCBB-4737-4A24-8C48-295C1C12A704}
		{96AE26F8-7580-4EB3-B828-1AA70137EFE9} = {D82BFCBB-4737-4A24-8C48-295C1C12A704}
		{26E35BDE-E2EA-4B6F-A621-8BB906D5F246} = {AD9B56ED-08AC-4982-BA5B-67301B9857C4}
		{4B5DA143-CA0C-47C2-A66C-70D03187A4BD} = {B13C7F4F-59E6-48BD-B59E-A0E7ED11C405}
		{74359BBD-5737-45C8-AB61-D30AA4218945} = {0E86C284-E7CC-4D0D-A8BA-80E91B123BA3}
		{2733D1E4-62BD-4482-9BBC-891E26AFCF53} = {0E86C284-E7CC-4D0D-A8BA-80E91B123BA3}
		{09C1B575-979C-4808-AE4F-8C26D5CCE0D4} = {8E23D665-768E-48D9-861E-290CA035B328}
		{9E875437-76DB-4D27-91CA-5E7922DC271E} = {45969524-33D2-4CCD-9782-492F53E9C956}
		{1CF7AF62-D65B-476C-B414-C551A7C3A7A7} = {45969524-33D2-4CCD-9782-492F53E9C956}
		{64456CB5-A267-458A-9C7A-820B819329FD} = {D82BFCBB-4737-4A24-8C48-295C1C12A704}
		{6298B2A0-8882-4150-A534-A34A23F93E12} = {D82BFCBB-4737-4A24-8C48-295C1C12A704}
	EndGlobalSection
	GlobalSection(ExtensibilityGlobals) = postSolution
		SolutionGuid = {9280A2F4-C1A8-4520-BF04-713CD35E3D44}
	EndGlobalSection
EndGlobal
